
Microsoft Visual Studio Solution File, Format Version 12.00
# Visual Studio Version 16
VisualStudioVersion = 16.0.31005.135
MinimumVisualStudioVersion = 10.0.40219.1
Project("{FAE04EC0-301F-11D3-BF4B-00C04F79EFBC}") = "TrainzTextureTxtCreator", "TrainzTextureTxtCreator.csproj", "{ACD01494-174B-4F07-A4BF-90184F12A8FF}"
EndProject
Project("{54435603-DBB4-11D2-8724-00A0C9A8B90C}") = "TrainzTextureTxtCreator Installer", "TrainzTextureTxtCreator Installer\TrainzTextureTxtCreator Installer.vdproj", "{FD78F9E0-C704-4F25-A0C5-B04A05DE6AB7}"
EndProject
Global
	GlobalSection(SolutionConfigurationPlatforms) = preSolution
		Debug|Any CPU = Debug|Any CPU
		Release|Any CPU = Release|Any CPU
	EndGlobalSection
	GlobalSection(ProjectConfigurationPlatforms) = postSolution
		{ACD01494-174B-4F07-A4BF-90184F12A8FF}.Debug|Any CPU.ActiveCfg = Debug|Any CPU
		{ACD01494-174B-4F07-A4BF-90184F12A8FF}.Debug|Any CPU.Build.0 = Debug|Any CPU
		{ACD01494-174B-4F07-A4BF-90184F12A8FF}.Release|Any CPU.ActiveCfg = Release|Any CPU
		{ACD01494-174B-4F07-A4BF-90184F12A8FF}.Release|Any CPU.Build.0 = Release|Any CPU
		{FD78F9E0-C704-4F25-A0C5-B04A05DE6AB7}.Debug|Any CPU.ActiveCfg = Debug
		{FD78F9E0-C704-4F25-A0C5-B04A05DE6AB7}.Release|Any CPU.ActiveCfg = Release
	EndGlobalSection
	GlobalSection(SolutionProperties) = preSolution
		HideSolutionNode = FALSE
	EndGlobalSection
	GlobalSection(ExtensibilityGlobals) = postSolution
		SolutionGuid = {97DED718-385A-4741-B409-5D5744BC3A62}
	EndGlobalSection
EndGlobal
